
Microsoft Visual Studio Solution File, Format Version 12.00
# Visual Studio Version 17
VisualStudioVersion = 17.5.33502.453
MinimumVisualStudioVersion = 10.0.40219.1
Project("{FAE04EC0-301F-11D3-BF4B-00C04F79EFBC}") = "NZaqim.API", "NZaqim.API\NZaqim.API.csproj", "{8322768B-D21C-4A2E-858A-6CA3AAF489C1}"
EndProject
Global
	GlobalSection(SolutionConfigurationPlatforms) = preSolution
		Debug|Any CPU = Debug|Any CPU
		Release|Any CPU = Release|Any CPU
	EndGlobalSection
	GlobalSection(ProjectConfigurationPlatforms) = postSolution
		{8322768B-D21C-4A2E-858A-6CA3AAF489C1}.Debug|Any CPU.ActiveCfg = Debug|Any CPU
		{8322768B-D21C-4A2E-858A-6CA3AAF489C1}.Debug|Any CPU.Build.0 = Debug|Any CPU
		{8322768B-D21C-4A2E-858A-6CA3AAF489C1}.Release|Any CPU.ActiveCfg = Release|Any CPU
		{8322768B-D21C-4A2E-858A-6CA3AAF489C1}.Release|Any CPU.Build.0 = Release|Any CPU
	EndGlobalSection
	GlobalSection(SolutionProperties) = preSolution
		HideSolutionNode = FALSE
	EndGlobalSection
	GlobalSection(ExtensibilityGlobals) = postSolution
		SolutionGuid = {C6991C5E-83EB-48C1-AA30-05C57509DF5B}
	EndGlobalSection
EndGlobal
